
Microsoft Visual Studio Solution File, Format Version 12.00
# Visual Studio Version 17
VisualStudioVersion = 17.14.36401.2 d17.14
MinimumVisualStudioVersion = 10.0.40219.1
Project("{FAE04EC0-301F-11D3-BF4B-00C04F79EFBC}") = "Project.SecurityAspNetCore", "Project.SecurityAspNetCore.csproj", "{68297234-B823-40F5-B2BC-88655457ACDB}"
EndProject
Global
	GlobalSection(SolutionConfigurationPlatforms) = preSolution
		Debug|Any CPU = Debug|Any CPU
		Release|Any CPU = Release|Any CPU
	EndGlobalSection
	GlobalSection(ProjectConfigurationPlatforms) = postSolution
		{68297234-B823-40F5-B2BC-88655457ACDB}.Debug|Any CPU.ActiveCfg = Debug|Any CPU
		{68297234-B823-40F5-B2BC-88655457ACDB}.Debug|Any CPU.Build.0 = Debug|Any CPU
		{68297234-B823-40F5-B2BC-88655457ACDB}.Release|Any CPU.ActiveCfg = Release|Any CPU
		{68297234-B823-40F5-B2BC-88655457ACDB}.Release|Any CPU.Build.0 = Release|Any CPU
	EndGlobalSection
	GlobalSection(SolutionProperties) = preSolution
		HideSolutionNode = FALSE
	EndGlobalSection
	GlobalSection(ExtensibilityGlobals) = postSolution
		SolutionGuid = {353C0CD6-2981-4718-A315-B36C035D2FD4}
	EndGlobalSection
EndGlobal
