
Microsoft Visual Studio Solution File, Format Version 12.00
# Visual Studio Version 17
VisualStudioVersion = 17.14.36401.2
MinimumVisualStudioVersion = 10.0.40219.1
Project("{FAE04EC0-301F-11D3-BF4B-00C04F79EFBC}") = "WEB-OBG-COUSER-AV", "WEB-OBG-COUSER-AV.csproj", "{3718B41A-D284-40EC-94FA-8859C2AE91BD}"
EndProject
Project("{FAE04EC0-301F-11D3-BF4B-00C04F79EFBC}") = "Projetodois", "..\Projetodois\Projetodois.csproj", "{C7D85CBD-E9ED-4173-9037-2BB3DAEBC650}"
EndProject
Project("{FAE04EC0-301F-11D3-BF4B-00C04F79EFBC}") = "projeto01conceito", "..\projeto01conceito\projeto01conceito.csproj", "{B2F84B58-3EDA-4E80-B041-D492F4970150}"
EndProject
Project("{FAE04EC0-301F-11D3-BF4B-00C04F79EFBC}") = "MVCPROJECT", "..\MVCPROJECT\MVCPROJECT.csproj", "{3E3850C3-F7B3-407F-B5FA-692C16FC42B4}"
EndProject
Project("{FAE04EC0-301F-11D3-BF4B-00C04F79EFBC}") = "primaryAPI", "..\primaryAPI\primaryAPI.csproj", "{3E814938-012D-4ADC-A5D9-466F0BD08C1F}"
EndProject
Global
	GlobalSection(SolutionConfigurationPlatforms) = preSolution
		Debug|Any CPU = Debug|Any CPU
		Release|Any CPU = Release|Any CPU
	EndGlobalSection
	GlobalSection(ProjectConfigurationPlatforms) = postSolution
		{3718B41A-D284-40EC-94FA-8859C2AE91BD}.Debug|Any CPU.ActiveCfg = Debug|Any CPU
		{3718B41A-D284-40EC-94FA-8859C2AE91BD}.Debug|Any CPU.Build.0 = Debug|Any CPU
		{3718B41A-D284-40EC-94FA-8859C2AE91BD}.Release|Any CPU.ActiveCfg = Release|Any CPU
		{3718B41A-D284-40EC-94FA-8859C2AE91BD}.Release|Any CPU.Build.0 = Release|Any CPU
		{C7D85CBD-E9ED-4173-9037-2BB3DAEBC650}.Debug|Any CPU.ActiveCfg = Debug|Any CPU
		{C7D85CBD-E9ED-4173-9037-2BB3DAEBC650}.Debug|Any CPU.Build.0 = Debug|Any CPU
		{C7D85CBD-E9ED-4173-9037-2BB3DAEBC650}.Release|Any CPU.ActiveCfg = Release|Any CPU
		{C7D85CBD-E9ED-4173-9037-2BB3DAEBC650}.Release|Any CPU.Build.0 = Release|Any CPU
		{B2F84B58-3EDA-4E80-B041-D492F4970150}.Debug|Any CPU.ActiveCfg = Debug|Any CPU
		{B2F84B58-3EDA-4E80-B041-D492F4970150}.Debug|Any CPU.Build.0 = Debug|Any CPU
		{B2F84B58-3EDA-4E80-B041-D492F4970150}.Release|Any CPU.ActiveCfg = Release|Any CPU
		{B2F84B58-3EDA-4E80-B041-D492F4970150}.Release|Any CPU.Build.0 = Release|Any CPU
		{3E3850C3-F7B3-407F-B5FA-692C16FC42B4}.Debug|Any CPU.ActiveCfg = Debug|Any CPU
		{3E3850C3-F7B3-407F-B5FA-692C16FC42B4}.Debug|Any CPU.Build.0 = Debug|Any CPU
		{3E3850C3-F7B3-407F-B5FA-692C16FC42B4}.Release|Any CPU.ActiveCfg = Release|Any CPU
		{3E3850C3-F7B3-407F-B5FA-692C16FC42B4}.Release|Any CPU.Build.0 = Release|Any CPU
		{3E814938-012D-4ADC-A5D9-466F0BD08C1F}.Debug|Any CPU.ActiveCfg = Debug|Any CPU
		{3E814938-012D-4ADC-A5D9-466F0BD08C1F}.Debug|Any CPU.Build.0 = Debug|Any CPU
		{3E814938-012D-4ADC-A5D9-466F0BD08C1F}.Release|Any CPU.ActiveCfg = Release|Any CPU
		{3E814938-012D-4ADC-A5D9-466F0BD08C1F}.Release|Any CPU.Build.0 = Release|Any CPU
	EndGlobalSection
	GlobalSection(SolutionProperties) = preSolution
		HideSolutionNode = FALSE
	EndGlobalSection
	GlobalSection(ExtensibilityGlobals) = postSolution
		SolutionGuid = {554CCC97-6065-45C6-B45B-89F5FC83B914}
	EndGlobalSection
EndGlobal
